// !$*UTF8*$!
{
	archiveVersion = 1;
	classes = {
	};
	objectVersion = 50;
	objects = {

/* Begin PBXBuildFile section */
		9C462547249724D8009503BB /* AppDelegate.swift in Sources */ = {isa = PBXBuildFile; fileRef = 9C462546249724D8009503BB /* AppDelegate.swift */; };
		9C462549249724D8009503BB /* SceneDelegate.swift in Sources */ = {isa = PBXBuildFile; fileRef = 9C462548249724D8009503BB /* SceneDelegate.swift */; };
		9C46254B249724D8009503BB /* ViewController.swift in Sources */ = {isa = PBXBuildFile; fileRef = 9C46254A249724D8009503BB /* ViewController.swift */; };
		9C46254E249724D8009503BB /* Main.storyboard in Resources */ = {isa = PBXBuildFile; fileRef = 9C46254C249724D8009503BB /* Main.storyboard */; };
		9C462550249724DB009503BB /* Assets.xcassets in Resources */ = {isa = PBXBuildFile; fileRef = 9C46254F249724DB009503BB /* Assets.xcassets */; };
		9C462553249724DB009503BB /* LaunchScreen.storyboard in Resources */ = {isa = PBXBuildFile; fileRef = 9C462551249724DB009503BB /* LaunchScreen.storyboard */; };
		9C46255D2497259D009503BB /* Splash.swift in Sources */ = {isa = PBXBuildFile; fileRef = 9C46255B2497259D009503BB /* Splash.swift */; };
		9C46255E2497259D009503BB /* Splash.xib in Resources */ = {isa = PBXBuildFile; fileRef = 9C46255C2497259D009503BB /* Splash.xib */; };
		9C46256224972E9D009503BB /* Login.swift in Sources */ = {isa = PBXBuildFile; fileRef = 9C46256024972E9D009503BB /* Login.swift */; };
		9C46256324972E9D009503BB /* Login.xib in Resources */ = {isa = PBXBuildFile; fileRef = 9C46256124972E9D009503BB /* Login.xib */; };
		9C46256624973140009503BB /* LabelView.swift in Sources */ = {isa = PBXBuildFile; fileRef = 9C46256524973140009503BB /* LabelView.swift */; };
		9C485FFE2499FA7700FD7F3A /* Button.swift in Sources */ = {isa = PBXBuildFile; fileRef = 9C485FFD2499FA7700FD7F3A /* Button.swift */; };
		9C486001249A017800FD7F3A /* Register.swift in Sources */ = {isa = PBXBuildFile; fileRef = 9C485FFF249A017800FD7F3A /* Register.swift */; };
		9C486002249A017800FD7F3A /* Register.xib in Resources */ = {isa = PBXBuildFile; fileRef = 9C486000249A017800FD7F3A /* Register.xib */; };
/* End PBXBuildFile section */

/* Begin PBXFileReference section */
		9C462543249724D8009503BB /* AppCoVid01.app */ = {isa = PBXFileReference; explicitFileType = wrapper.application; includeInIndex = 0; path = AppCoVid01.app; sourceTree = BUILT_PRODUCTS_DIR; };
		9C462546249724D8009503BB /* AppDelegate.swift */ = {isa = PBXFileReference; lastKnownFileType = sourcecode.swift; path = AppDelegate.swift; sourceTree = "<group>"; };
		9C462548249724D8009503BB /* SceneDelegate.swift */ = {isa = PBXFileReference; lastKnownFileType = sourcecode.swift; path = SceneDelegate.swift; sourceTree = "<group>"; };
		9C46254A249724D8009503BB /* ViewController.swift */ = {isa = PBXFileReference; lastKnownFileType = sourcecode.swift; path = ViewController.swift; sourceTree = "<group>"; };
		9C46254D249724D8009503BB /* Base */ = {isa = PBXFileReference; lastKnownFileType = file.storyboard; name = Base; path = Base.lproj/Main.storyboard; sourceTree = "<group>"; };
		9C46254F249724DB009503BB /* Assets.xcassets */ = {isa = PBXFileReference; lastKnownFileType = folder.assetcatalog; path = Assets.xcassets; sourceTree = "<group>"; };
		9C462552249724DB009503BB /* Base */ = {isa = PBXFileReference; lastKnownFileType = file.storyboard; name = Base; path = Base.lproj/LaunchScreen.storyboard; sourceTree = "<group>"; };
		9C462554249724DB009503BB /* Info.plist */ = {isa = PBXFileReference; lastKnownFileType = text.plist.xml; path = Info.plist; sourceTree = "<group>"; };
		9C46255B2497259D009503BB /* Splash.swift */ = {isa = PBXFileReference; lastKnownFileType = sourcecode.swift; path = Splash.swift; sourceTree = "<group>"; };
		9C46255C2497259D009503BB /* Splash.xib */ = {isa = PBXFileReference; lastKnownFileType = file.xib; path = Splash.xib; sourceTree = "<group>"; };
		9C46256024972E9D009503BB /* Login.swift */ = {isa = PBXFileReference; lastKnownFileType = sourcecode.swift; path = Login.swift; sourceTree = "<group>"; };
		9C46256124972E9D009503BB /* Login.xib */ = {isa = PBXFileReference; lastKnownFileType = file.xib; path = Login.xib; sourceTree = "<group>"; };
		9C46256524973140009503BB /* LabelView.swift */ = {isa = PBXFileReference; lastKnownFileType = sourcecode.swift; path = LabelView.swift; sourceTree = "<group>"; };
		9C485FFD2499FA7700FD7F3A /* Button.swift */ = {isa = PBXFileReference; lastKnownFileType = sourcecode.swift; path = Button.swift; sourceTree = "<group>"; };
		9C485FFF249A017800FD7F3A /* Register.swift */ = {isa = PBXFileReference; lastKnownFileType = sourcecode.swift; path = Register.swift; sourceTree = "<group>"; };
		9C486000249A017800FD7F3A /* Register.xib */ = {isa = PBXFileReference; lastKnownFileType = file.xib; path = Register.xib; sourceTree = "<group>"; };
/* End PBXFileReference section */

/* Begin PBXFrameworksBuildPhase section */
		9C462540249724D8009503BB /* Frameworks */ = {
			isa = PBXFrameworksBuildPhase;
			buildActionMask = 2147483647;
			files = (
			);
			runOnlyForDeploymentPostprocessing = 0;
		};
/* End PBXFrameworksBuildPhase section */

/* Begin PBXGroup section */
		9C46253A249724D8009503BB = {
			isa = PBXGroup;
			children = (
				9C462545249724D8009503BB /* AppCoVid01 */,
				9C462544249724D8009503BB /* Products */,
			);
			sourceTree = "<group>";
		};
		9C462544249724D8009503BB /* Products */ = {
			isa = PBXGroup;
			children = (
				9C462543249724D8009503BB /* AppCoVid01.app */,
			);
			name = Products;
			sourceTree = "<group>";
		};
		9C462545249724D8009503BB /* AppCoVid01 */ = {
			isa = PBXGroup;
			children = (
				9C46256424973117009503BB /* Cusstom */,
				9C46255A2497257B009503BB /* Screen */,
				9C462546249724D8009503BB /* AppDelegate.swift */,
				9C462548249724D8009503BB /* SceneDelegate.swift */,
				9C46254A249724D8009503BB /* ViewController.swift */,
				9C46254C249724D8009503BB /* Main.storyboard */,
				9C46254F249724DB009503BB /* Assets.xcassets */,
				9C462551249724DB009503BB /* LaunchScreen.storyboard */,
				9C462554249724DB009503BB /* Info.plist */,
			);
			path = AppCoVid01;
			sourceTree = "<group>";
		};
		9C46255A2497257B009503BB /* Screen */ = {
			isa = PBXGroup;
			children = (
				9C46255F249728C5009503BB /* FileXib */,
				9C46255B2497259D009503BB /* Splash.swift */,
				9C46256024972E9D009503BB /* Login.swift */,
				9C485FFF249A017800FD7F3A /* Register.swift */,
			);
			path = Screen;
			sourceTree = "<group>";
		};
		9C46255F249728C5009503BB /* FileXib */ = {
			isa = PBXGroup;
			children = (
				9C486000249A017800FD7F3A /* Register.xib */,
				9C46256124972E9D009503BB /* Login.xib */,
				9C46255C2497259D009503BB /* Splash.xib */,
			);
			path = FileXib;
			sourceTree = "<group>";
		};
		9C46256424973117009503BB /* Cusstom */ = {
			isa = PBXGroup;
			children = (
				9C46256524973140009503BB /* LabelView.swift */,
				9C485FFD2499FA7700FD7F3A /* Button.swift */,
			);
			path = Cusstom;
			sourceTree = "<group>";
		};
/* End PBXGroup section */

/* Begin PBXNativeTarget section */
		9C462542249724D8009503BB /* AppCoVid01 */ = {
			isa = PBXNativeTarget;
			buildConfigurationList = 9C462557249724DB009503BB /* Build configuration list for PBXNativeTarget "AppCoVid01" */;
			buildPhases = (
				9C46253F249724D8009503BB /* Sources */,
				9C462540249724D8009503BB /* Frameworks */,
				9C462541249724D8009503BB /* Resources */,
			);
			buildRules = (
			);
			dependencies = (
			);
			name = AppCoVid01;
			productName = AppCoVid01;
			productReference = 9C462543249724D8009503BB /* AppCoVid01.app */;
			productType = "com.apple.product-type.application";
		};
/* End PBXNativeTarget section */

/* Begin PBXProject section */
		9C46253B249724D8009503BB /* Project object */ = {
			isa = PBXProject;
			attributes = {
				LastSwiftUpdateCheck = 1130;
				LastUpgradeCheck = 1130;
				ORGANIZATIONNAME = Ong_Lao_Ngao;
				TargetAttributes = {
					9C462542249724D8009503BB = {
						CreatedOnToolsVersion = 11.3;
					};
				};
			};
			buildConfigurationList = 9C46253E249724D8009503BB /* Build configuration list for PBXProject "AppCoVid01" */;
			compatibilityVersion = "Xcode 9.3";
			developmentRegion = en;
			hasScannedForEncodings = 0;
			knownRegions = (
				en,
				Base,
			);
			mainGroup = 9C46253A249724D8009503BB;
			productRefGroup = 9C462544249724D8009503BB /* Products */;
			projectDirPath = "";
			projectRoot = "";
			targets = (
				9C462542249724D8009503BB /* AppCoVid01 */,
			);
		};
/* End PBXProject section */

/* Begin PBXResourcesBuildPhase section */
		9C462541249724D8009503BB /* Resources */ = {
			isa = PBXResourcesBuildPhase;
			buildActionMask = 2147483647;
			files = (
				9C462553249724DB009503BB /* LaunchScreen.storyboard in Resources */,
				9C462550249724DB009503BB /* Assets.xcassets in Resources */,
				9C46255E2497259D009503BB /* Splash.xib in Resources */,
				9C46254E249724D8009503BB /* Main.storyboard in Resources */,
				9C486002249A017800FD7F3A /* Register.xib in Resources */,
				9C46256324972E9D009503BB /* Login.xib in Resources */,
			);
			runOnlyForDeploymentPostprocessing = 0;
		};
/* End PBXResourcesBuildPhase section */

/* Begin PBXSourcesBuildPhase section */
		9C46253F249724D8009503BB /* Sources */ = {
			isa = PBXSourcesBuildPhase;
			buildActionMask = 2147483647;
			files = (
				9C485FFE2499FA7700FD7F3A /* Button.swift in Sources */,
				9C46254B249724D8009503BB /* ViewController.swift in Sources */,
				9C46256224972E9D009503BB /* Login.swift in Sources */,
				9C462547249724D8009503BB /* AppDelegate.swift in Sources */,
				9C46255D2497259D009503BB /* Splash.swift in Sources */,
				9C462549249724D8009503BB /* SceneDelegate.swift in Sources */,
				9C486001249A017800FD7F3A /* Register.swift in Sources */,
				9C46256624973140009503BB /* LabelView.swift in Sources */,
			);
			runOnlyForDeploymentPostprocessing = 0;
		};
/* End PBXSourcesBuildPhase section */

/* Begin PBXVariantGroup section */
		9C46254C249724D8009503BB /* Main.storyboard */ = {
			isa = PBXVariantGroup;
			children = (
				9C46254D249724D8009503BB /* Base */,
			);
			name = Main.storyboard;
			sourceTree = "<group>";
		};
		9C462551249724DB009503BB /* LaunchScreen.storyboard */ = {
			isa = PBXVariantGroup;
			children = (
				9C462552249724DB009503BB /* Base */,
			);
			name = LaunchScreen.storyboard;
			sourceTree = "<group>";
		};
/* End PBXVariantGroup section */

/* Begin XCBuildConfiguration section */
		9C462555249724DB009503BB /* Debug */ = {
			isa = XCBuildConfiguration;
			buildSettings = {
				ALWAYS_SEARCH_USER_PATHS = NO;
				CLANG_ANALYZER_NONNULL = YES;
				CLANG_ANALYZER_NUMBER_OBJECT_CONVERSION = YES_AGGRESSIVE;
				CLANG_CXX_LANGUAGE_STANDARD = "gnu++14";
				CLANG_CXX_LIBRARY = "libc++";
				CLANG_ENABLE_MODULES = YES;
				CLANG_ENABLE_OBJC_ARC = YES;
				CLANG_ENABLE_OBJC_WEAK = YES;
				CLANG_WARN_BLOCK_CAPTURE_AUTORELEASING = YES;
				CLANG_WARN_BOOL_CONVERSION = YES;
				CLANG_WARN_COMMA = YES;
				CLANG_WARN_CONSTANT_CONVERSION = YES;
				CLANG_WARN_DEPRECATED_OBJC_IMPLEMENTATIONS = YES;
				CLANG_WARN_DIRECT_OBJC_ISA_USAGE = YES_ERROR;
				CLANG_WARN_DOCUMENTATION_COMMENTS = YES;
				CLANG_WARN_EMPTY_BODY = YES;
				CLANG_WARN_ENUM_CONVERSION = YES;
				CLANG_WARN_INFINITE_RECURSION = YES;
				CLANG_WARN_INT_CONVERSION = YES;
				CLANG_WARN_NON_LITERAL_NULL_CONVERSION = YES;
				CLANG_WARN_OBJC_IMPLICIT_RETAIN_SELF = YES;
				CLANG_WARN_OBJC_LITERAL_CONVERSION = YES;
				CLANG_WARN_OBJC_ROOT_CLASS = YES_ERROR;
				CLANG_WARN_RANGE_LOOP_ANALYSIS = YES;
				CLANG_WARN_STRICT_PROTOTYPES = YES;
				CLANG_WARN_SUSPICIOUS_MOVE = YES;
				CLANG_WARN_UNGUARDED_AVAILABILITY = YES_AGGRESSIVE;
				CLANG_WARN_UNREACHABLE_CODE = YES;
				CLANG_WARN__DUPLICATE_METHOD_MATCH = YES;
				COPY_PHASE_STRIP = NO;
				DEBUG_INFORMATION_FORMAT = dwarf;
				ENABLE_STRICT_OBJC_MSGSEND = YES;
				ENABLE_TESTABILITY = YES;
				GCC_C_LANGUAGE_STANDARD = gnu11;
				GCC_DYNAMIC_NO_PIC = NO;
				GCC_NO_COMMON_BLOCKS = YES;
				GCC_OPTIMIZATION_LEVEL = 0;
				GCC_PREPROCESSOR_DEFINITIONS = (
					"DEBUG=1",
					"$(inherited)",
				);
				GCC_WARN_64_TO_32_BIT_CONVERSION = YES;
				GCC_WARN_ABOUT_RETURN_TYPE = YES_ERROR;
				GCC_WARN_UNDECLARED_SELECTOR = YES;
				GCC_WARN_UNINITIALIZED_AUTOS = YES_AGGRESSIVE;
				GCC_WARN_UNUSED_FUNCTION = YES;
				GCC_WARN_UNUSED_VARIABLE = YES;
				IPHONEOS_DEPLOYMENT_TARGET = 13.2;
				MTL_ENABLE_DEBUG_INFO = INCLUDE_SOURCE;
				MTL_FAST_MATH = YES;
				ONLY_ACTIVE_ARCH = YES;
				SDKROOT = iphoneos;
				SWIFT_ACTIVE_COMPILATION_CONDITIONS = DEBUG;
				SWIFT_OPTIMIZATION_LEVEL = "-Onone";
			};
			name = Debug;
		};
		9C462556249724DB009503BB /* Release */ = {
			isa = XCBuildConfiguration;
			buildSettings = {
				ALWAYS_SEARCH_USER_PATHS = NO;
				CLANG_ANALYZER_NONNULL = YES;
				CLANG_ANALYZER_NUMBER_OBJECT_CONVERSION = YES_AGGRESSIVE;
				CLANG_CXX_LANGUAGE_STANDARD = "gnu++14";
				CLANG_CXX_LIBRARY = "libc++";
				CLANG_ENABLE_MODULES = YES;
				CLANG_ENABLE_OBJC_ARC = YES;
				CLANG_ENABLE_OBJC_WEAK = YES;
				CLANG_WARN_BLOCK_CAPTURE_AUTORELEASING = YES;
				CLANG_WARN_BOOL_CONVERSION = YES;
				CLANG_WARN_COMMA = YES;
				CLANG_WARN_CONSTANT_CONVERSION = YES;
				CLANG_WARN_DEPRECATED_OBJC_IMPLEMENTATIONS = YES;
				CLANG_WARN_DIRECT_OBJC_ISA_USAGE = YES_ERROR;
				CLANG_WARN_DOCUMENTATION_COMMENTS = YES;
				CLANG_WARN_EMPTY_BODY = YES;
				CLANG_WARN_ENUM_CONVERSION = YES;
				CLANG_WARN_INFINITE_RECURSION = YES;
				CLANG_WARN_INT_CONVERSION = YES;
				CLANG_WARN_NON_LITERAL_NULL_CONVERSION = YES;
				CLANG_WARN_OBJC_IMPLICIT_RETAIN_SELF = YES;
				CLANG_WARN_OBJC_LITERAL_CONVERSION = YES;
				CLANG_WARN_OBJC_ROOT_CLASS = YES_ERROR;
				CLANG_WARN_RANGE_LOOP_ANALYSIS = YES;
				CLANG_WARN_STRICT_PROTOTYPES = YES;
				CLANG_WARN_SUSPICIOUS_MOVE = YES;
				CLANG_WARN_UNGUARDED_AVAILABILITY = YES_AGGRESSIVE;
				CLANG_WARN_UNREACHABLE_CODE = YES;
				CLANG_WARN__DUPLICATE_METHOD_MATCH = YES;
				COPY_PHASE_STRIP = NO;
				DEBUG_INFORMATION_FORMAT = "dwarf-with-dsym";
				ENABLE_NS_ASSERTIONS = NO;
				ENABLE_STRICT_OBJC_MSGSEND = YES;
				GCC_C_LANGUAGE_STANDARD = gnu11;
				GCC_NO_COMMON_BLOCKS = YES;
				GCC_WARN_64_TO_32_BIT_CONVERSION = YES;
				GCC_WARN_ABOUT_RETURN_TYPE = YES_ERROR;
				GCC_WARN_UNDECLARED_SELECTOR = YES;
				GCC_WARN_UNINITIALIZED_AUTOS = YES_AGGRESSIVE;
				GCC_WARN_UNUSED_FUNCTION = YES;
				GCC_WARN_UNUSED_VARIABLE = YES;
				IPHONEOS_DEPLOYMENT_TARGET = 13.2;
				MTL_ENABLE_DEBUG_INFO = NO;
				MTL_FAST_MATH = YES;
				SDKROOT = iphoneos;
				SWIFT_COMPILATION_MODE = wholemodule;
				SWIFT_OPTIMIZATION_LEVEL = "-O";
				VALIDATE_PRODUCT = YES;
			};
			name = Release;
		};
		9C462558249724DB009503BB /* Debug */ = {
			isa = XCBuildConfiguration;
			buildSettings = {
				ASSETCATALOG_COMPILER_APPICON_NAME = AppIcon;
				CODE_SIGN_STYLE = Automatic;
				INFOPLIST_FILE = AppCoVid01/Info.plist;
				LD_RUNPATH_SEARCH_PATHS = (
					"$(inherited)",
					"@executable_path/Frameworks",
				);
				PRODUCT_BUNDLE_IDENTIFIER = com.huy041299.AppCoVid01;
				PRODUCT_NAME = "$(TARGET_NAME)";
				SWIFT_VERSION = 5.0;
				TARGETED_DEVICE_FAMILY = "1,2";
			};
			name = Debug;
		};
		9C462559249724DB009503BB /* Release */ = {
			isa = XCBuildConfiguration;
			buildSettings = {
				ASSETCATALOG_COMPILER_APPICON_NAME = AppIcon;
				CODE_SIGN_STYLE = Automatic;
				INFOPLIST_FILE = AppCoVid01/Info.plist;
				LD_RUNPATH_SEARCH_PATHS = (
					"$(inherited)",
					"@executable_path/Frameworks",
				);
				PRODUCT_BUNDLE_IDENTIFIER = com.huy041299.AppCoVid01;
				PRODUCT_NAME = "$(TARGET_NAME)";
				SWIFT_VERSION = 5.0;
				TARGETED_DEVICE_FAMILY = "1,2";
			};
			name = Release;
		};
/* End XCBuildConfiguration section */

/* Begin XCConfigurationList section */
		9C46253E249724D8009503BB /* Build configuration list for PBXProject "AppCoVid01" */ = {
			isa = XCConfigurationList;
			buildConfigurations = (
				9C462555249724DB009503BB /* Debug */,
				9C462556249724DB009503BB /* Release */,
			);
			defaultConfigurationIsVisible = 0;
			defaultConfigurationName = Release;
		};
		9C462557249724DB009503BB /* Build configuration list for PBXNativeTarget "AppCoVid01" */ = {
			isa = XCConfigurationList;
			buildConfigurations = (
				9C462558249724DB009503BB /* Debug */,
				9C462559249724DB009503BB /* Release */,
			);
			defaultConfigurationIsVisible = 0;
			defaultConfigurationName = Release;
		};
/* End XCConfigurationList section */
	};
	rootObject = 9C46253B249724D8009503BB /* Project object */;
}
